
Microsoft Visual Studio Solution File, Format Version 12.00
# Visual Studio Version 17
VisualStudioVersion = 17.9.34616.47
MinimumVisualStudioVersion = 10.0.40219.1
Project("{FAE04EC0-301F-11D3-BF4B-00C04F79EFBC}") = "asp2", "asp2.csproj", "{4479D998-2744-44B4-9CA5-189E95B806FD}"
EndProject
Global
	GlobalSection(SolutionConfigurationPlatforms) = preSolution
		Debug|Any CPU = Debug|Any CPU
		Release|Any CPU = Release|Any CPU
	EndGlobalSection
	GlobalSection(ProjectConfigurationPlatforms) = postSolution
		{4479D998-2744-44B4-9CA5-189E95B806FD}.Debug|Any CPU.ActiveCfg = Debug|Any CPU
		{4479D998-2744-44B4-9CA5-189E95B806FD}.Debug|Any CPU.Build.0 = Debug|Any CPU
		{4479D998-2744-44B4-9CA5-189E95B806FD}.Release|Any CPU.ActiveCfg = Release|Any CPU
		{4479D998-2744-44B4-9CA5-189E95B806FD}.Release|Any CPU.Build.0 = Release|Any CPU
	EndGlobalSection
	GlobalSection(SolutionProperties) = preSolution
		HideSolutionNode = FALSE
	EndGlobalSection
	GlobalSection(ExtensibilityGlobals) = postSolution
		SolutionGuid = {2DA2EB25-FE68-4C94-9E11-F27D2B9361B0}
	EndGlobalSection
EndGlobal
